
Microsoft Visual Studio Solution File, Format Version 12.00
# Visual Studio Version 17
VisualStudioVersion = 17.5.33627.172
MinimumVisualStudioVersion = 10.0.40219.1
Project("{8BC9CEB8-8B4A-11D0-8D11-00A0C91BC942}") = "MapHack", "MapHack.vcxproj", "{BF1052C9-DAA4-4758-A2A8-F1E7A4414153}"
EndProject
Global
	GlobalSection(SolutionConfigurationPlatforms) = preSolution
		Debug|x64 = Debug|x64
		Debug|x86 = Debug|x86
		Release|x64 = Release|x64
		Release|x86 = Release|x86
	EndGlobalSection
	GlobalSection(ProjectConfigurationPlatforms) = postSolution
		{BF1052C9-DAA4-4758-A2A8-F1E7A4414153}.Debug|x64.ActiveCfg = Debug|x64
		{BF1052C9-DAA4-4758-A2A8-F1E7A4414153}.Debug|x64.Build.0 = Debug|x64
		{BF1052C9-DAA4-4758-A2A8-F1E7A4414153}.Debug|x86.ActiveCfg = Debug|Win32
		{BF1052C9-DAA4-4758-A2A8-F1E7A4414153}.Debug|x86.Build.0 = Debug|Win32
		{BF1052C9-DAA4-4758-A2A8-F1E7A4414153}.Release|x64.ActiveCfg = Release|x64
		{BF1052C9-DAA4-4758-A2A8-F1E7A4414153}.Release|x64.Build.0 = Release|x64
		{BF1052C9-DAA4-4758-A2A8-F1E7A4414153}.Release|x86.ActiveCfg = Release|Win32
		{BF1052C9-DAA4-4758-A2A8-F1E7A4414153}.Release|x86.Build.0 = Release|Win32
	EndGlobalSection
	GlobalSection(SolutionProperties) = preSolution
		HideSolutionNode = FALSE
	EndGlobalSection
	GlobalSection(ExtensibilityGlobals) = postSolution
		SolutionGuid = {312AC13A-DB68-485E-BB61-E4676E4CCC99}
	EndGlobalSection
EndGlobal
